
Microsoft Visual Studio Solution File, Format Version 12.00
# Visual Studio Version 17
VisualStudioVersion = 17.0.31903.59
MinimumVisualStudioVersion = 10.0.40219.1
Project("{2150E333-8FDC-42A3-9474-1A3956D46DE8}") = "src", "src", "{827E0CD3-B72D-47B6-A68D-7590B98EB39B}"
EndProject
Project("{2150E333-8FDC-42A3-9474-1A3956D46DE8}") = "BuildingBlocks", "BuildingBlocks", "{90298CBA-BD6F-3A0A-69D5-97CAD7B05E7E}"
EndProject
Project("{FAE04EC0-301F-11D3-BF4B-00C04F79EFBC}") = "SharedKernel", "src\BuildingBlocks\SharedKernel\SharedKernel.csproj", "{5D62F077-7378-40C8-9C82-F42F29FF3CE6}"
EndProject
Project("{FAE04EC0-301F-11D3-BF4B-00C04F79EFBC}") = "SharedKernel.Tests", "src\BuildingBlocks\SharedKernel.Tests\SharedKernel.Tests.csproj", "{94505594-D57A-462B-B9A7-84F8248DA6F7}"
EndProject
Project("{FAE04EC0-301F-11D3-BF4B-00C04F79EFBC}") = "Solicitudes.Domain", "src\Services\Solicitudes\Solicitudes.Domain\Solicitudes.Domain.csproj", "{15699890-B87A-4979-902B-9CBF70757CEC}"
EndProject
Project("{FAE04EC0-301F-11D3-BF4B-00C04F79EFBC}") = "Solicitudes.Application", "src\Services\Solicitudes\Solicitudes.Application\Solicitudes.Application.csproj", "{FBFDFF36-877F-46FB-BDFA-21D73D08521E}"
EndProject
Project("{FAE04EC0-301F-11D3-BF4B-00C04F79EFBC}") = "Solicitudes.Infrastructure", "src\Services\Solicitudes\Solicitudes.Infrastructure\Solicitudes.Infrastructure.csproj", "{C99236CE-B1FC-4358-AE01-DA109F857040}"
EndProject
Project("{FAE04EC0-301F-11D3-BF4B-00C04F79EFBC}") = "Solicitudes.Api", "src\Services\Solicitudes\Solicitudes.Api\Solicitudes.Api.csproj", "{9104A999-8F33-4DE5-A54A-799CF3DAA5A8}"
EndProject
Project("{FAE04EC0-301F-11D3-BF4B-00C04F79EFBC}") = "Solicitudes.Tests", "src\Services\Solicitudes\Solicitudes.Tests\Solicitudes.Tests.csproj", "{3FC6DA85-0307-458E-9C4B-1408D1CB07EF}"
EndProject
Project("{FAE04EC0-301F-11D3-BF4B-00C04F79EFBC}") = "Catalogos.Api", "src\Services\Catalogos\Catalogos.Api\Catalogos.Api.csproj", "{6AA19E76-0FBA-FF58-5930-09A2E845688D}"
EndProject
Project("{2150E333-8FDC-42A3-9474-1A3956D46DE8}") = "Services", "Services", "{984BB9B3-3FA3-BE33-9484-CAC21695A33C}"
EndProject
Project("{2150E333-8FDC-42A3-9474-1A3956D46DE8}") = "Catalogos", "Catalogos", "{B4BFCA0F-944B-A430-F9CF-D39D5B98BB0C}"
EndProject
Project("{FAE04EC0-301F-11D3-BF4B-00C04F79EFBC}") = "Catalogos.Tests", "src\Services\Catalogos\Catalogos.Tests\Catalogos.Tests.csproj", "{2AF2CE3F-9A3A-45B7-AF09-A90A523A58DB}"
EndProject
Project("{2150E333-8FDC-42A3-9474-1A3956D46DE8}") = "Personas", "Personas", "{CF25CC3E-01B5-2BC5-CE34-1BF7D723D58F}"
EndProject
Project("{FAE04EC0-301F-11D3-BF4B-00C04F79EFBC}") = "Personas.Api", "src\Services\Personas\Personas.Api\Personas.Api.csproj", "{98EA8D66-2AE3-41FF-B9B1-1C46E487227E}"
EndProject
Project("{FAE04EC0-301F-11D3-BF4B-00C04F79EFBC}") = "Personas.Tests", "src\Services\Personas\Personas.Tests\Personas.Tests.csproj", "{A26B7E92-AF6C-4C2E-A316-BD93AA83397B}"
EndProject
Project("{FAE04EC0-301F-11D3-BF4B-00C04F79EFBC}") = "Documentos.Api", "src\Services\Documentos.Api\Documentos.Api.csproj", "{5DE29BBE-B55F-4DF7-8211-186BA3992CAB}"
EndProject
Project("{FAE04EC0-301F-11D3-BF4B-00C04F79EFBC}") = "SharedKernel.Infrastructure.MySql", "src\BuildingBlocks\SharedKernel.Infrastructure.MySql\SharedKernel.Infrastructure.MySql.csproj", "{D19F6A78-E842-4FAC-A5F4-698845238DA0}"
EndProject
Project("{FAE04EC0-301F-11D3-BF4B-00C04F79EFBC}") = "Usuarios.Api", "Usuarios.Api\Usuarios.Api.csproj", "{AE11E587-8832-43CA-9449-C46B4E7910E0}"
EndProject
Project("{FAE04EC0-301F-11D3-BF4B-00C04F79EFBC}") = "Usuarios.Application", "Usuarios.Application\Usuarios.Application.csproj", "{E04E465B-332F-4C36-9273-16BCEBEA34A8}"
EndProject
Project("{FAE04EC0-301F-11D3-BF4B-00C04F79EFBC}") = "Usuarios.Domain", "Usuarios.Domain\Usuarios.Domain.csproj", "{3A04B8FA-F9C2-4C64-8541-D3ED311601B4}"
EndProject
Project("{FAE04EC0-301F-11D3-BF4B-00C04F79EFBC}") = "Usuarios.Infrastructure", "Usuarios.Infrastructure\Usuarios.Infrastructure.csproj", "{167CAB01-1212-4E69-AAB0-CBF14F4134CC}"
EndProject
Project("{2150E333-8FDC-42A3-9474-1A3956D46DE8}") = "Usuarios", "Usuarios", "{30B47601-A13D-66E7-BE60-CB7380DB23D1}"
EndProject
Project("{FAE04EC0-301F-11D3-BF4B-00C04F79EFBC}") = "Usuarios.Api", "src\Services\Usuarios\Usuarios.Api\Usuarios.Api.csproj", "{1DF0D8AD-1A73-410B-9E41-11408E72630F}"
EndProject
Project("{FAE04EC0-301F-11D3-BF4B-00C04F79EFBC}") = "Usuarios.Application", "src\Services\Usuarios\Usuarios.Application\Usuarios.Application.csproj", "{097AC2FE-CAFB-48DE-9310-A83B6056F0CC}"
EndProject
Project("{FAE04EC0-301F-11D3-BF4B-00C04F79EFBC}") = "Usuarios.Domain", "src\Services\Usuarios\Usuarios.Domain\Usuarios.Domain.csproj", "{961ABF72-DDD2-4875-94C7-2EBFA8E122C5}"
EndProject
Project("{FAE04EC0-301F-11D3-BF4B-00C04F79EFBC}") = "Usuarios.Infrastructure", "src\Services\Usuarios\Usuarios.Infrastructure\Usuarios.Infrastructure.csproj", "{856D7817-A43D-4E97-8C57-E0500FD79F1C}"
EndProject
Global
	GlobalSection(SolutionConfigurationPlatforms) = preSolution
		Debug|Any CPU = Debug|Any CPU
		Debug|x64 = Debug|x64
		Debug|x86 = Debug|x86
		Release|Any CPU = Release|Any CPU
		Release|x64 = Release|x64
		Release|x86 = Release|x86
	EndGlobalSection
	GlobalSection(ProjectConfigurationPlatforms) = postSolution
		{5D62F077-7378-40C8-9C82-F42F29FF3CE6}.Debug|Any CPU.ActiveCfg = Debug|Any CPU
		{5D62F077-7378-40C8-9C82-F42F29FF3CE6}.Debug|Any CPU.Build.0 = Debug|Any CPU
		{5D62F077-7378-40C8-9C82-F42F29FF3CE6}.Debug|x64.ActiveCfg = Debug|Any CPU
		{5D62F077-7378-40C8-9C82-F42F29FF3CE6}.Debug|x64.Build.0 = Debug|Any CPU
		{5D62F077-7378-40C8-9C82-F42F29FF3CE6}.Debug|x86.ActiveCfg = Debug|Any CPU
		{5D62F077-7378-40C8-9C82-F42F29FF3CE6}.Debug|x86.Build.0 = Debug|Any CPU
		{5D62F077-7378-40C8-9C82-F42F29FF3CE6}.Release|Any CPU.ActiveCfg = Release|Any CPU
		{5D62F077-7378-40C8-9C82-F42F29FF3CE6}.Release|Any CPU.Build.0 = Release|Any CPU
		{5D62F077-7378-40C8-9C82-F42F29FF3CE6}.Release|x64.ActiveCfg = Release|Any CPU
		{5D62F077-7378-40C8-9C82-F42F29FF3CE6}.Release|x64.Build.0 = Release|Any CPU
		{5D62F077-7378-40C8-9C82-F42F29FF3CE6}.Release|x86.ActiveCfg = Release|Any CPU
		{5D62F077-7378-40C8-9C82-F42F29FF3CE6}.Release|x86.Build.0 = Release|Any CPU
		{94505594-D57A-462B-B9A7-84F8248DA6F7}.Debug|Any CPU.ActiveCfg = Debug|Any CPU
		{94505594-D57A-462B-B9A7-84F8248DA6F7}.Debug|Any CPU.Build.0 = Debug|Any CPU
		{94505594-D57A-462B-B9A7-84F8248DA6F7}.Debug|x64.ActiveCfg = Debug|Any CPU
		{94505594-D57A-462B-B9A7-84F8248DA6F7}.Debug|x64.Build.0 = Debug|Any CPU
		{94505594-D57A-462B-B9A7-84F8248DA6F7}.Debug|x86.ActiveCfg = Debug|Any CPU
		{94505594-D57A-462B-B9A7-84F8248DA6F7}.Debug|x86.Build.0 = Debug|Any CPU
		{94505594-D57A-462B-B9A7-84F8248DA6F7}.Release|Any CPU.ActiveCfg = Release|Any CPU
		{94505594-D57A-462B-B9A7-84F8248DA6F7}.Release|Any CPU.Build.0 = Release|Any CPU
		{94505594-D57A-462B-B9A7-84F8248DA6F7}.Release|x64.ActiveCfg = Release|Any CPU
		{94505594-D57A-462B-B9A7-84F8248DA6F7}.Release|x64.Build.0 = Release|Any CPU
		{94505594-D57A-462B-B9A7-84F8248DA6F7}.Release|x86.ActiveCfg = Release|Any CPU
		{94505594-D57A-462B-B9A7-84F8248DA6F7}.Release|x86.Build.0 = Release|Any CPU
		{15699890-B87A-4979-902B-9CBF70757CEC}.Debug|Any CPU.ActiveCfg = Debug|Any CPU
		{15699890-B87A-4979-902B-9CBF70757CEC}.Debug|Any CPU.Build.0 = Debug|Any CPU
		{15699890-B87A-4979-902B-9CBF70757CEC}.Debug|x64.ActiveCfg = Debug|Any CPU
		{15699890-B87A-4979-902B-9CBF70757CEC}.Debug|x64.Build.0 = Debug|Any CPU
		{15699890-B87A-4979-902B-9CBF70757CEC}.Debug|x86.ActiveCfg = Debug|Any CPU
		{15699890-B87A-4979-902B-9CBF70757CEC}.Debug|x86.Build.0 = Debug|Any CPU
		{15699890-B87A-4979-902B-9CBF70757CEC}.Release|Any CPU.ActiveCfg = Release|Any CPU
		{15699890-B87A-4979-902B-9CBF70757CEC}.Release|Any CPU.Build.0 = Release|Any CPU
		{15699890-B87A-4979-902B-9CBF70757CEC}.Release|x64.ActiveCfg = Release|Any CPU
		{15699890-B87A-4979-902B-9CBF70757CEC}.Release|x64.Build.0 = Release|Any CPU
		{15699890-B87A-4979-902B-9CBF70757CEC}.Release|x86.ActiveCfg = Release|Any CPU
		{15699890-B87A-4979-902B-9CBF70757CEC}.Release|x86.Build.0 = Release|Any CPU
		{FBFDFF36-877F-46FB-BDFA-21D73D08521E}.Debug|Any CPU.ActiveCfg = Debug|Any CPU
		{FBFDFF36-877F-46FB-BDFA-21D73D08521E}.Debug|Any CPU.Build.0 = Debug|Any CPU
		{FBFDFF36-877F-46FB-BDFA-21D73D08521E}.Debug|x64.ActiveCfg = Debug|Any CPU
		{FBFDFF36-877F-46FB-BDFA-21D73D08521E}.Debug|x64.Build.0 = Debug|Any CPU
		{FBFDFF36-877F-46FB-BDFA-21D73D08521E}.Debug|x86.ActiveCfg = Debug|Any CPU
		{FBFDFF36-877F-46FB-BDFA-21D73D08521E}.Debug|x86.Build.0 = Debug|Any CPU
		{FBFDFF36-877F-46FB-BDFA-21D73D08521E}.Release|Any CPU.ActiveCfg = Release|Any CPU
		{FBFDFF36-877F-46FB-BDFA-21D73D08521E}.Release|Any CPU.Build.0 = Release|Any CPU
		{FBFDFF36-877F-46FB-BDFA-21D73D08521E}.Release|x64.ActiveCfg = Release|Any CPU
		{FBFDFF36-877F-46FB-BDFA-21D73D08521E}.Release|x64.Build.0 = Release|Any CPU
		{FBFDFF36-877F-46FB-BDFA-21D73D08521E}.Release|x86.ActiveCfg = Release|Any CPU
		{FBFDFF36-877F-46FB-BDFA-21D73D08521E}.Release|x86.Build.0 = Release|Any CPU
		{C99236CE-B1FC-4358-AE01-DA109F857040}.Debug|Any CPU.ActiveCfg = Debug|Any CPU
		{C99236CE-B1FC-4358-AE01-DA109F857040}.Debug|Any CPU.Build.0 = Debug|Any CPU
		{C99236CE-B1FC-4358-AE01-DA109F857040}.Debug|x64.ActiveCfg = Debug|Any CPU
		{C99236CE-B1FC-4358-AE01-DA109F857040}.Debug|x64.Build.0 = Debug|Any CPU
		{C99236CE-B1FC-4358-AE01-DA109F857040}.Debug|x86.ActiveCfg = Debug|Any CPU
		{C99236CE-B1FC-4358-AE01-DA109F857040}.Debug|x86.Build.0 = Debug|Any CPU
		{C99236CE-B1FC-4358-AE01-DA109F857040}.Release|Any CPU.ActiveCfg = Release|Any CPU
		{C99236CE-B1FC-4358-AE01-DA109F857040}.Release|Any CPU.Build.0 = Release|Any CPU
		{C99236CE-B1FC-4358-AE01-DA109F857040}.Release|x64.ActiveCfg = Release|Any CPU
		{C99236CE-B1FC-4358-AE01-DA109F857040}.Release|x64.Build.0 = Release|Any CPU
		{C99236CE-B1FC-4358-AE01-DA109F857040}.Release|x86.ActiveCfg = Release|Any CPU
		{C99236CE-B1FC-4358-AE01-DA109F857040}.Release|x86.Build.0 = Release|Any CPU
		{9104A999-8F33-4DE5-A54A-799CF3DAA5A8}.Debug|Any CPU.ActiveCfg = Debug|Any CPU
		{9104A999-8F33-4DE5-A54A-799CF3DAA5A8}.Debug|Any CPU.Build.0 = Debug|Any CPU
		{9104A999-8F33-4DE5-A54A-799CF3DAA5A8}.Debug|x64.ActiveCfg = Debug|Any CPU
		{9104A999-8F33-4DE5-A54A-799CF3DAA5A8}.Debug|x64.Build.0 = Debug|Any CPU
		{9104A999-8F33-4DE5-A54A-799CF3DAA5A8}.Debug|x86.ActiveCfg = Debug|Any CPU
		{9104A999-8F33-4DE5-A54A-799CF3DAA5A8}.Debug|x86.Build.0 = Debug|Any CPU
		{9104A999-8F33-4DE5-A54A-799CF3DAA5A8}.Release|Any CPU.ActiveCfg = Release|Any CPU
		{9104A999-8F33-4DE5-A54A-799CF3DAA5A8}.Release|Any CPU.Build.0 = Release|Any CPU
		{9104A999-8F33-4DE5-A54A-799CF3DAA5A8}.Release|x64.ActiveCfg = Release|Any CPU
		{9104A999-8F33-4DE5-A54A-799CF3DAA5A8}.Release|x64.Build.0 = Release|Any CPU
		{9104A999-8F33-4DE5-A54A-799CF3DAA5A8}.Release|x86.ActiveCfg = Release|Any CPU
		{9104A999-8F33-4DE5-A54A-799CF3DAA5A8}.Release|x86.Build.0 = Release|Any CPU
		{3FC6DA85-0307-458E-9C4B-1408D1CB07EF}.Debug|Any CPU.ActiveCfg = Debug|Any CPU
		{3FC6DA85-0307-458E-9C4B-1408D1CB07EF}.Debug|Any CPU.Build.0 = Debug|Any CPU
		{3FC6DA85-0307-458E-9C4B-1408D1CB07EF}.Debug|x64.ActiveCfg = Debug|Any CPU
		{3FC6DA85-0307-458E-9C4B-1408D1CB07EF}.Debug|x64.Build.0 = Debug|Any CPU
		{3FC6DA85-0307-458E-9C4B-1408D1CB07EF}.Debug|x86.ActiveCfg = Debug|Any CPU
		{3FC6DA85-0307-458E-9C4B-1408D1CB07EF}.Debug|x86.Build.0 = Debug|Any CPU
		{3FC6DA85-0307-458E-9C4B-1408D1CB07EF}.Release|Any CPU.ActiveCfg = Release|Any CPU
		{3FC6DA85-0307-458E-9C4B-1408D1CB07EF}.Release|Any CPU.Build.0 = Release|Any CPU
		{3FC6DA85-0307-458E-9C4B-1408D1CB07EF}.Release|x64.ActiveCfg = Release|Any CPU
		{3FC6DA85-0307-458E-9C4B-1408D1CB07EF}.Release|x64.Build.0 = Release|Any CPU
		{3FC6DA85-0307-458E-9C4B-1408D1CB07EF}.Release|x86.ActiveCfg = Release|Any CPU
		{3FC6DA85-0307-458E-9C4B-1408D1CB07EF}.Release|x86.Build.0 = Release|Any CPU
		{6AA19E76-0FBA-FF58-5930-09A2E845688D}.Debug|Any CPU.ActiveCfg = Debug|Any CPU
		{6AA19E76-0FBA-FF58-5930-09A2E845688D}.Debug|Any CPU.Build.0 = Debug|Any CPU
		{6AA19E76-0FBA-FF58-5930-09A2E845688D}.Debug|x64.ActiveCfg = Debug|Any CPU
		{6AA19E76-0FBA-FF58-5930-09A2E845688D}.Debug|x64.Build.0 = Debug|Any CPU
		{6AA19E76-0FBA-FF58-5930-09A2E845688D}.Debug|x86.ActiveCfg = Debug|Any CPU
		{6AA19E76-0FBA-FF58-5930-09A2E845688D}.Debug|x86.Build.0 = Debug|Any CPU
		{6AA19E76-0FBA-FF58-5930-09A2E845688D}.Release|Any CPU.ActiveCfg = Release|Any CPU
		{6AA19E76-0FBA-FF58-5930-09A2E845688D}.Release|Any CPU.Build.0 = Release|Any CPU
		{6AA19E76-0FBA-FF58-5930-09A2E845688D}.Release|x64.ActiveCfg = Release|Any CPU
		{6AA19E76-0FBA-FF58-5930-09A2E845688D}.Release|x64.Build.0 = Release|Any CPU
		{6AA19E76-0FBA-FF58-5930-09A2E845688D}.Release|x86.ActiveCfg = Release|Any CPU
		{6AA19E76-0FBA-FF58-5930-09A2E845688D}.Release|x86.Build.0 = Release|Any CPU
		{2AF2CE3F-9A3A-45B7-AF09-A90A523A58DB}.Debug|Any CPU.ActiveCfg = Debug|Any CPU
		{2AF2CE3F-9A3A-45B7-AF09-A90A523A58DB}.Debug|Any CPU.Build.0 = Debug|Any CPU
		{2AF2CE3F-9A3A-45B7-AF09-A90A523A58DB}.Debug|x64.ActiveCfg = Debug|Any CPU
		{2AF2CE3F-9A3A-45B7-AF09-A90A523A58DB}.Debug|x64.Build.0 = Debug|Any CPU
		{2AF2CE3F-9A3A-45B7-AF09-A90A523A58DB}.Debug|x86.ActiveCfg = Debug|Any CPU
		{2AF2CE3F-9A3A-45B7-AF09-A90A523A58DB}.Debug|x86.Build.0 = Debug|Any CPU
		{2AF2CE3F-9A3A-45B7-AF09-A90A523A58DB}.Release|Any CPU.ActiveCfg = Release|Any CPU
		{2AF2CE3F-9A3A-45B7-AF09-A90A523A58DB}.Release|Any CPU.Build.0 = Release|Any CPU
		{2AF2CE3F-9A3A-45B7-AF09-A90A523A58DB}.Release|x64.ActiveCfg = Release|Any CPU
		{2AF2CE3F-9A3A-45B7-AF09-A90A523A58DB}.Release|x64.Build.0 = Release|Any CPU
		{2AF2CE3F-9A3A-45B7-AF09-A90A523A58DB}.Release|x86.ActiveCfg = Release|Any CPU
		{2AF2CE3F-9A3A-45B7-AF09-A90A523A58DB}.Release|x86.Build.0 = Release|Any CPU
		{98EA8D66-2AE3-41FF-B9B1-1C46E487227E}.Debug|Any CPU.ActiveCfg = Debug|Any CPU
		{98EA8D66-2AE3-41FF-B9B1-1C46E487227E}.Debug|Any CPU.Build.0 = Debug|Any CPU
		{98EA8D66-2AE3-41FF-B9B1-1C46E487227E}.Debug|x64.ActiveCfg = Debug|Any CPU
		{98EA8D66-2AE3-41FF-B9B1-1C46E487227E}.Debug|x64.Build.0 = Debug|Any CPU
		{98EA8D66-2AE3-41FF-B9B1-1C46E487227E}.Debug|x86.ActiveCfg = Debug|Any CPU
		{98EA8D66-2AE3-41FF-B9B1-1C46E487227E}.Debug|x86.Build.0 = Debug|Any CPU
		{98EA8D66-2AE3-41FF-B9B1-1C46E487227E}.Release|Any CPU.ActiveCfg = Release|Any CPU
		{98EA8D66-2AE3-41FF-B9B1-1C46E487227E}.Release|Any CPU.Build.0 = Release|Any CPU
		{98EA8D66-2AE3-41FF-B9B1-1C46E487227E}.Release|x64.ActiveCfg = Release|Any CPU
		{98EA8D66-2AE3-41FF-B9B1-1C46E487227E}.Release|x64.Build.0 = Release|Any CPU
		{98EA8D66-2AE3-41FF-B9B1-1C46E487227E}.Release|x86.ActiveCfg = Release|Any CPU
		{98EA8D66-2AE3-41FF-B9B1-1C46E487227E}.Release|x86.Build.0 = Release|Any CPU
		{A26B7E92-AF6C-4C2E-A316-BD93AA83397B}.Debug|Any CPU.ActiveCfg = Debug|Any CPU
		{A26B7E92-AF6C-4C2E-A316-BD93AA83397B}.Debug|Any CPU.Build.0 = Debug|Any CPU
		{A26B7E92-AF6C-4C2E-A316-BD93AA83397B}.Debug|x64.ActiveCfg = Debug|Any CPU
		{A26B7E92-AF6C-4C2E-A316-BD93AA83397B}.Debug|x64.Build.0 = Debug|Any CPU
		{A26B7E92-AF6C-4C2E-A316-BD93AA83397B}.Debug|x86.ActiveCfg = Debug|Any CPU
		{A26B7E92-AF6C-4C2E-A316-BD93AA83397B}.Debug|x86.Build.0 = Debug|Any CPU
		{A26B7E92-AF6C-4C2E-A316-BD93AA83397B}.Release|Any CPU.ActiveCfg = Release|Any CPU
		{A26B7E92-AF6C-4C2E-A316-BD93AA83397B}.Release|Any CPU.Build.0 = Release|Any CPU
		{A26B7E92-AF6C-4C2E-A316-BD93AA83397B}.Release|x64.ActiveCfg = Release|Any CPU
		{A26B7E92-AF6C-4C2E-A316-BD93AA83397B}.Release|x64.Build.0 = Release|Any CPU
		{A26B7E92-AF6C-4C2E-A316-BD93AA83397B}.Release|x86.ActiveCfg = Release|Any CPU
		{A26B7E92-AF6C-4C2E-A316-BD93AA83397B}.Release|x86.Build.0 = Release|Any CPU
		{5DE29BBE-B55F-4DF7-8211-186BA3992CAB}.Debug|Any CPU.ActiveCfg = Debug|Any CPU
		{5DE29BBE-B55F-4DF7-8211-186BA3992CAB}.Debug|Any CPU.Build.0 = Debug|Any CPU
		{5DE29BBE-B55F-4DF7-8211-186BA3992CAB}.Debug|x64.ActiveCfg = Debug|Any CPU
		{5DE29BBE-B55F-4DF7-8211-186BA3992CAB}.Debug|x64.Build.0 = Debug|Any CPU
		{5DE29BBE-B55F-4DF7-8211-186BA3992CAB}.Debug|x86.ActiveCfg = Debug|Any CPU
		{5DE29BBE-B55F-4DF7-8211-186BA3992CAB}.Debug|x86.Build.0 = Debug|Any CPU
		{5DE29BBE-B55F-4DF7-8211-186BA3992CAB}.Release|Any CPU.ActiveCfg = Release|Any CPU
		{5DE29BBE-B55F-4DF7-8211-186BA3992CAB}.Release|Any CPU.Build.0 = Release|Any CPU
		{5DE29BBE-B55F-4DF7-8211-186BA3992CAB}.Release|x64.ActiveCfg = Release|Any CPU
		{5DE29BBE-B55F-4DF7-8211-186BA3992CAB}.Release|x64.Build.0 = Release|Any CPU
		{5DE29BBE-B55F-4DF7-8211-186BA3992CAB}.Release|x86.ActiveCfg = Release|Any CPU
		{5DE29BBE-B55F-4DF7-8211-186BA3992CAB}.Release|x86.Build.0 = Release|Any CPU
		{D19F6A78-E842-4FAC-A5F4-698845238DA0}.Debug|Any CPU.ActiveCfg = Debug|Any CPU
		{D19F6A78-E842-4FAC-A5F4-698845238DA0}.Debug|Any CPU.Build.0 = Debug|Any CPU
		{D19F6A78-E842-4FAC-A5F4-698845238DA0}.Debug|x64.ActiveCfg = Debug|Any CPU
		{D19F6A78-E842-4FAC-A5F4-698845238DA0}.Debug|x64.Build.0 = Debug|Any CPU
		{D19F6A78-E842-4FAC-A5F4-698845238DA0}.Debug|x86.ActiveCfg = Debug|Any CPU
		{D19F6A78-E842-4FAC-A5F4-698845238DA0}.Debug|x86.Build.0 = Debug|Any CPU
		{D19F6A78-E842-4FAC-A5F4-698845238DA0}.Release|Any CPU.ActiveCfg = Release|Any CPU
		{D19F6A78-E842-4FAC-A5F4-698845238DA0}.Release|Any CPU.Build.0 = Release|Any CPU
		{D19F6A78-E842-4FAC-A5F4-698845238DA0}.Release|x64.ActiveCfg = Release|Any CPU
		{D19F6A78-E842-4FAC-A5F4-698845238DA0}.Release|x64.Build.0 = Release|Any CPU
		{D19F6A78-E842-4FAC-A5F4-698845238DA0}.Release|x86.ActiveCfg = Release|Any CPU
		{D19F6A78-E842-4FAC-A5F4-698845238DA0}.Release|x86.Build.0 = Release|Any CPU
		{AE11E587-8832-43CA-9449-C46B4E7910E0}.Debug|Any CPU.ActiveCfg = Debug|Any CPU
		{AE11E587-8832-43CA-9449-C46B4E7910E0}.Debug|Any CPU.Build.0 = Debug|Any CPU
		{AE11E587-8832-43CA-9449-C46B4E7910E0}.Debug|x64.ActiveCfg = Debug|Any CPU
		{AE11E587-8832-43CA-9449-C46B4E7910E0}.Debug|x64.Build.0 = Debug|Any CPU
		{AE11E587-8832-43CA-9449-C46B4E7910E0}.Debug|x86.ActiveCfg = Debug|Any CPU
		{AE11E587-8832-43CA-9449-C46B4E7910E0}.Debug|x86.Build.0 = Debug|Any CPU
		{AE11E587-8832-43CA-9449-C46B4E7910E0}.Release|Any CPU.ActiveCfg = Release|Any CPU
		{AE11E587-8832-43CA-9449-C46B4E7910E0}.Release|Any CPU.Build.0 = Release|Any CPU
		{AE11E587-8832-43CA-9449-C46B4E7910E0}.Release|x64.ActiveCfg = Release|Any CPU
		{AE11E587-8832-43CA-9449-C46B4E7910E0}.Release|x64.Build.0 = Release|Any CPU
		{AE11E587-8832-43CA-9449-C46B4E7910E0}.Release|x86.ActiveCfg = Release|Any CPU
		{AE11E587-8832-43CA-9449-C46B4E7910E0}.Release|x86.Build.0 = Release|Any CPU
		{E04E465B-332F-4C36-9273-16BCEBEA34A8}.Debug|Any CPU.ActiveCfg = Debug|Any CPU
		{E04E465B-332F-4C36-9273-16BCEBEA34A8}.Debug|Any CPU.Build.0 = Debug|Any CPU
		{E04E465B-332F-4C36-9273-16BCEBEA34A8}.Debug|x64.ActiveCfg = Debug|Any CPU
		{E04E465B-332F-4C36-9273-16BCEBEA34A8}.Debug|x64.Build.0 = Debug|Any CPU
		{E04E465B-332F-4C36-9273-16BCEBEA34A8}.Debug|x86.ActiveCfg = Debug|Any CPU
		{E04E465B-332F-4C36-9273-16BCEBEA34A8}.Debug|x86.Build.0 = Debug|Any CPU
		{E04E465B-332F-4C36-9273-16BCEBEA34A8}.Release|Any CPU.ActiveCfg = Release|Any CPU
		{E04E465B-332F-4C36-9273-16BCEBEA34A8}.Release|Any CPU.Build.0 = Release|Any CPU
		{E04E465B-332F-4C36-9273-16BCEBEA34A8}.Release|x64.ActiveCfg = Release|Any CPU
		{E04E465B-332F-4C36-9273-16BCEBEA34A8}.Release|x64.Build.0 = Release|Any CPU
		{E04E465B-332F-4C36-9273-16BCEBEA34A8}.Release|x86.ActiveCfg = Release|Any CPU
		{E04E465B-332F-4C36-9273-16BCEBEA34A8}.Release|x86.Build.0 = Release|Any CPU
		{3A04B8FA-F9C2-4C64-8541-D3ED311601B4}.Debug|Any CPU.ActiveCfg = Debug|Any CPU
		{3A04B8FA-F9C2-4C64-8541-D3ED311601B4}.Debug|Any CPU.Build.0 = Debug|Any CPU
		{3A04B8FA-F9C2-4C64-8541-D3ED311601B4}.Debug|x64.ActiveCfg = Debug|Any CPU
		{3A04B8FA-F9C2-4C64-8541-D3ED311601B4}.Debug|x64.Build.0 = Debug|Any CPU
		{3A04B8FA-F9C2-4C64-8541-D3ED311601B4}.Debug|x86.ActiveCfg = Debug|Any CPU
		{3A04B8FA-F9C2-4C64-8541-D3ED311601B4}.Debug|x86.Build.0 = Debug|Any CPU
		{3A04B8FA-F9C2-4C64-8541-D3ED311601B4}.Release|Any CPU.ActiveCfg = Release|Any CPU
		{3A04B8FA-F9C2-4C64-8541-D3ED311601B4}.Release|Any CPU.Build.0 = Release|Any CPU
		{3A04B8FA-F9C2-4C64-8541-D3ED311601B4}.Release|x64.ActiveCfg = Release|Any CPU
		{3A04B8FA-F9C2-4C64-8541-D3ED311601B4}.Release|x64.Build.0 = Release|Any CPU
		{3A04B8FA-F9C2-4C64-8541-D3ED311601B4}.Release|x86.ActiveCfg = Release|Any CPU
		{3A04B8FA-F9C2-4C64-8541-D3ED311601B4}.Release|x86.Build.0 = Release|Any CPU
		{167CAB01-1212-4E69-AAB0-CBF14F4134CC}.Debug|Any CPU.ActiveCfg = Debug|Any CPU
		{167CAB01-1212-4E69-AAB0-CBF14F4134CC}.Debug|Any CPU.Build.0 = Debug|Any CPU
		{167CAB01-1212-4E69-AAB0-CBF14F4134CC}.Debug|x64.ActiveCfg = Debug|Any CPU
		{167CAB01-1212-4E69-AAB0-CBF14F4134CC}.Debug|x64.Build.0 = Debug|Any CPU
		{167CAB01-1212-4E69-AAB0-CBF14F4134CC}.Debug|x86.ActiveCfg = Debug|Any CPU
		{167CAB01-1212-4E69-AAB0-CBF14F4134CC}.Debug|x86.Build.0 = Debug|Any CPU
		{167CAB01-1212-4E69-AAB0-CBF14F4134CC}.Release|Any CPU.ActiveCfg = Release|Any CPU
		{167CAB01-1212-4E69-AAB0-CBF14F4134CC}.Release|Any CPU.Build.0 = Release|Any CPU
		{167CAB01-1212-4E69-AAB0-CBF14F4134CC}.Release|x64.ActiveCfg = Release|Any CPU
		{167CAB01-1212-4E69-AAB0-CBF14F4134CC}.Release|x64.Build.0 = Release|Any CPU
		{167CAB01-1212-4E69-AAB0-CBF14F4134CC}.Release|x86.ActiveCfg = Release|Any CPU
		{167CAB01-1212-4E69-AAB0-CBF14F4134CC}.Release|x86.Build.0 = Release|Any CPU
		{1DF0D8AD-1A73-410B-9E41-11408E72630F}.Debug|Any CPU.ActiveCfg = Debug|Any CPU
		{1DF0D8AD-1A73-410B-9E41-11408E72630F}.Debug|Any CPU.Build.0 = Debug|Any CPU
		{1DF0D8AD-1A73-410B-9E41-11408E72630F}.Debug|x64.ActiveCfg = Debug|Any CPU
		{1DF0D8AD-1A73-410B-9E41-11408E72630F}.Debug|x64.Build.0 = Debug|Any CPU
		{1DF0D8AD-1A73-410B-9E41-11408E72630F}.Debug|x86.ActiveCfg = Debug|Any CPU
		{1DF0D8AD-1A73-410B-9E41-11408E72630F}.Debug|x86.Build.0 = Debug|Any CPU
		{1DF0D8AD-1A73-410B-9E41-11408E72630F}.Release|Any CPU.ActiveCfg = Release|Any CPU
		{1DF0D8AD-1A73-410B-9E41-11408E72630F}.Release|Any CPU.Build.0 = Release|Any CPU
		{1DF0D8AD-1A73-410B-9E41-11408E72630F}.Release|x64.ActiveCfg = Release|Any CPU
		{1DF0D8AD-1A73-410B-9E41-11408E72630F}.Release|x64.Build.0 = Release|Any CPU
		{1DF0D8AD-1A73-410B-9E41-11408E72630F}.Release|x86.ActiveCfg = Release|Any CPU
		{1DF0D8AD-1A73-410B-9E41-11408E72630F}.Release|x86.Build.0 = Release|Any CPU
		{097AC2FE-CAFB-48DE-9310-A83B6056F0CC}.Debug|Any CPU.ActiveCfg = Debug|Any CPU
		{097AC2FE-CAFB-48DE-9310-A83B6056F0CC}.Debug|Any CPU.Build.0 = Debug|Any CPU
		{097AC2FE-CAFB-48DE-9310-A83B6056F0CC}.Debug|x64.ActiveCfg = Debug|Any CPU
		{097AC2FE-CAFB-48DE-9310-A83B6056F0CC}.Debug|x64.Build.0 = Debug|Any CPU
		{097AC2FE-CAFB-48DE-9310-A83B6056F0CC}.Debug|x86.ActiveCfg = Debug|Any CPU
		{097AC2FE-CAFB-48DE-9310-A83B6056F0CC}.Debug|x86.Build.0 = Debug|Any CPU
		{097AC2FE-CAFB-48DE-9310-A83B6056F0CC}.Release|Any CPU.ActiveCfg = Release|Any CPU
		{097AC2FE-CAFB-48DE-9310-A83B6056F0CC}.Release|Any CPU.Build.0 = Release|Any CPU
		{097AC2FE-CAFB-48DE-9310-A83B6056F0CC}.Release|x64.ActiveCfg = Release|Any CPU
		{097AC2FE-CAFB-48DE-9310-A83B6056F0CC}.Release|x64.Build.0 = Release|Any CPU
		{097AC2FE-CAFB-48DE-9310-A83B6056F0CC}.Release|x86.ActiveCfg = Release|Any CPU
		{097AC2FE-CAFB-48DE-9310-A83B6056F0CC}.Release|x86.Build.0 = Release|Any CPU
		{961ABF72-DDD2-4875-94C7-2EBFA8E122C5}.Debug|Any CPU.ActiveCfg = Debug|Any CPU
		{961ABF72-DDD2-4875-94C7-2EBFA8E122C5}.Debug|Any CPU.Build.0 = Debug|Any CPU
		{961ABF72-DDD2-4875-94C7-2EBFA8E122C5}.Debug|x64.ActiveCfg = Debug|Any CPU
		{961ABF72-DDD2-4875-94C7-2EBFA8E122C5}.Debug|x64.Build.0 = Debug|Any CPU
		{961ABF72-DDD2-4875-94C7-2EBFA8E122C5}.Debug|x86.ActiveCfg = Debug|Any CPU
		{961ABF72-DDD2-4875-94C7-2EBFA8E122C5}.Debug|x86.Build.0 = Debug|Any CPU
		{961ABF72-DDD2-4875-94C7-2EBFA8E122C5}.Release|Any CPU.ActiveCfg = Release|Any CPU
		{961ABF72-DDD2-4875-94C7-2EBFA8E122C5}.Release|Any CPU.Build.0 = Release|Any CPU
		{961ABF72-DDD2-4875-94C7-2EBFA8E122C5}.Release|x64.ActiveCfg = Release|Any CPU
		{961ABF72-DDD2-4875-94C7-2EBFA8E122C5}.Release|x64.Build.0 = Release|Any CPU
		{961ABF72-DDD2-4875-94C7-2EBFA8E122C5}.Release|x86.ActiveCfg = Release|Any CPU
		{961ABF72-DDD2-4875-94C7-2EBFA8E122C5}.Release|x86.Build.0 = Release|Any CPU
		{856D7817-A43D-4E97-8C57-E0500FD79F1C}.Debug|Any CPU.ActiveCfg = Debug|Any CPU
		{856D7817-A43D-4E97-8C57-E0500FD79F1C}.Debug|Any CPU.Build.0 = Debug|Any CPU
		{856D7817-A43D-4E97-8C57-E0500FD79F1C}.Debug|x64.ActiveCfg = Debug|Any CPU
		{856D7817-A43D-4E97-8C57-E0500FD79F1C}.Debug|x64.Build.0 = Debug|Any CPU
		{856D7817-A43D-4E97-8C57-E0500FD79F1C}.Debug|x86.ActiveCfg = Debug|Any CPU
		{856D7817-A43D-4E97-8C57-E0500FD79F1C}.Debug|x86.Build.0 = Debug|Any CPU
		{856D7817-A43D-4E97-8C57-E0500FD79F1C}.Release|Any CPU.ActiveCfg = Release|Any CPU
		{856D7817-A43D-4E97-8C57-E0500FD79F1C}.Release|Any CPU.Build.0 = Release|Any CPU
		{856D7817-A43D-4E97-8C57-E0500FD79F1C}.Release|x64.ActiveCfg = Release|Any CPU
		{856D7817-A43D-4E97-8C57-E0500FD79F1C}.Release|x64.Build.0 = Release|Any CPU
		{856D7817-A43D-4E97-8C57-E0500FD79F1C}.Release|x86.ActiveCfg = Release|Any CPU
		{856D7817-A43D-4E97-8C57-E0500FD79F1C}.Release|x86.Build.0 = Release|Any CPU
	EndGlobalSection
	GlobalSection(SolutionProperties) = preSolution
		HideSolutionNode = FALSE
	EndGlobalSection
	GlobalSection(NestedProjects) = preSolution
		{90298CBA-BD6F-3A0A-69D5-97CAD7B05E7E} = {827E0CD3-B72D-47B6-A68D-7590B98EB39B}
		{5D62F077-7378-40C8-9C82-F42F29FF3CE6} = {90298CBA-BD6F-3A0A-69D5-97CAD7B05E7E}
		{94505594-D57A-462B-B9A7-84F8248DA6F7} = {90298CBA-BD6F-3A0A-69D5-97CAD7B05E7E}
		{15699890-B87A-4979-902B-9CBF70757CEC} = {90298CBA-BD6F-3A0A-69D5-97CAD7B05E7E}
		{FBFDFF36-877F-46FB-BDFA-21D73D08521E} = {90298CBA-BD6F-3A0A-69D5-97CAD7B05E7E}
		{C99236CE-B1FC-4358-AE01-DA109F857040} = {90298CBA-BD6F-3A0A-69D5-97CAD7B05E7E}
		{9104A999-8F33-4DE5-A54A-799CF3DAA5A8} = {90298CBA-BD6F-3A0A-69D5-97CAD7B05E7E}
		{3FC6DA85-0307-458E-9C4B-1408D1CB07EF} = {90298CBA-BD6F-3A0A-69D5-97CAD7B05E7E}
		{6AA19E76-0FBA-FF58-5930-09A2E845688D} = {90298CBA-BD6F-3A0A-69D5-97CAD7B05E7E}
		{984BB9B3-3FA3-BE33-9484-CAC21695A33C} = {827E0CD3-B72D-47B6-A68D-7590B98EB39B}
		{B4BFCA0F-944B-A430-F9CF-D39D5B98BB0C} = {984BB9B3-3FA3-BE33-9484-CAC21695A33C}
		{2AF2CE3F-9A3A-45B7-AF09-A90A523A58DB} = {B4BFCA0F-944B-A430-F9CF-D39D5B98BB0C}
		{CF25CC3E-01B5-2BC5-CE34-1BF7D723D58F} = {984BB9B3-3FA3-BE33-9484-CAC21695A33C}
		{98EA8D66-2AE3-41FF-B9B1-1C46E487227E} = {CF25CC3E-01B5-2BC5-CE34-1BF7D723D58F}
		{A26B7E92-AF6C-4C2E-A316-BD93AA83397B} = {CF25CC3E-01B5-2BC5-CE34-1BF7D723D58F}
		{5DE29BBE-B55F-4DF7-8211-186BA3992CAB} = {984BB9B3-3FA3-BE33-9484-CAC21695A33C}
		{D19F6A78-E842-4FAC-A5F4-698845238DA0} = {90298CBA-BD6F-3A0A-69D5-97CAD7B05E7E}
		{30B47601-A13D-66E7-BE60-CB7380DB23D1} = {984BB9B3-3FA3-BE33-9484-CAC21695A33C}
		{1DF0D8AD-1A73-410B-9E41-11408E72630F} = {30B47601-A13D-66E7-BE60-CB7380DB23D1}
		{097AC2FE-CAFB-48DE-9310-A83B6056F0CC} = {30B47601-A13D-66E7-BE60-CB7380DB23D1}
		{961ABF72-DDD2-4875-94C7-2EBFA8E122C5} = {30B47601-A13D-66E7-BE60-CB7380DB23D1}
		{856D7817-A43D-4E97-8C57-E0500FD79F1C} = {30B47601-A13D-66E7-BE60-CB7380DB23D1}
	EndGlobalSection
	GlobalSection(ExtensibilityGlobals) = postSolution
		SolutionGuid = {283C4B07-3594-4D9B-AC5C-3F0F092FCE20}
	EndGlobalSection
EndGlobal
