
Microsoft Visual Studio Solution File, Format Version 12.00
# Visual Studio Version 17
VisualStudioVersion = 17.0.31903.59
MinimumVisualStudioVersion = 10.0.40219.1
Project("{2150E333-8FDC-42A3-9474-1A3956D46DE8}") = "src", "src", "{827E0CD3-B72D-47B6-A68D-7590B98EB39B}"
EndProject
Project("{2150E333-8FDC-42A3-9474-1A3956D46DE8}") = "BuildingBlocks", "BuildingBlocks", "{90298CBA-BD6F-3A0A-69D5-97CAD7B05E7E}"
EndProject
Project("{FAE04EC0-301F-11D3-BF4B-00C04F79EFBC}") = "SharedKernel", "src\BuildingBlocks\SharedKernel\SharedKernel.csproj", "{5D62F077-7378-40C8-9C82-F42F29FF3CE6}"
EndProject
Project("{FAE04EC0-301F-11D3-BF4B-00C04F79EFBC}") = "SharedKernel.Tests", "src\BuildingBlocks\SharedKernel.Tests\SharedKernel.Tests.csproj", "{94505594-D57A-462B-B9A7-84F8248DA6F7}"
EndProject
Project("{FAE04EC0-301F-11D3-BF4B-00C04F79EFBC}") = "Solicitudes.Domain", "src\Services\Solicitudes\Solicitudes.Domain\Solicitudes.Domain.csproj", "{15699890-B87A-4979-902B-9CBF70757CEC}"
EndProject
Project("{FAE04EC0-301F-11D3-BF4B-00C04F79EFBC}") = "Solicitudes.Application", "src\Services\Solicitudes\Solicitudes.Application\Solicitudes.Application.csproj", "{FBFDFF36-877F-46FB-BDFA-21D73D08521E}"
EndProject
Project("{FAE04EC0-301F-11D3-BF4B-00C04F79EFBC}") = "Solicitudes.Infrastructure", "src\Services\Solicitudes\Solicitudes.Infrastructure\Solicitudes.Infrastructure.csproj", "{C99236CE-B1FC-4358-AE01-DA109F857040}"
EndProject
Project("{FAE04EC0-301F-11D3-BF4B-00C04F79EFBC}") = "Solicitudes.Api", "src\Services\Solicitudes\Solicitudes.Api\Solicitudes.Api.csproj", "{9104A999-8F33-4DE5-A54A-799CF3DAA5A8}"
EndProject
Project("{FAE04EC0-301F-11D3-BF4B-00C04F79EFBC}") = "Solicitudes.Tests", "src\Services\Solicitudes\Solicitudes.Tests\Solicitudes.Tests.csproj", "{3FC6DA85-0307-458E-9C4B-1408D1CB07EF}"
EndProject
Global
	GlobalSection(SolutionConfigurationPlatforms) = preSolution
		Debug|Any CPU = Debug|Any CPU
		Debug|x64 = Debug|x64
		Debug|x86 = Debug|x86
		Release|Any CPU = Release|Any CPU
		Release|x64 = Release|x64
		Release|x86 = Release|x86
	EndGlobalSection
	GlobalSection(ProjectConfigurationPlatforms) = postSolution
		{5D62F077-7378-40C8-9C82-F42F29FF3CE6}.Debug|Any CPU.ActiveCfg = Debug|Any CPU
		{5D62F077-7378-40C8-9C82-F42F29FF3CE6}.Debug|Any CPU.Build.0 = Debug|Any CPU
		{5D62F077-7378-40C8-9C82-F42F29FF3CE6}.Debug|x64.ActiveCfg = Debug|Any CPU
		{5D62F077-7378-40C8-9C82-F42F29FF3CE6}.Debug|x64.Build.0 = Debug|Any CPU
		{5D62F077-7378-40C8-9C82-F42F29FF3CE6}.Debug|x86.ActiveCfg = Debug|Any CPU
		{5D62F077-7378-40C8-9C82-F42F29FF3CE6}.Debug|x86.Build.0 = Debug|Any CPU
		{5D62F077-7378-40C8-9C82-F42F29FF3CE6}.Release|Any CPU.ActiveCfg = Release|Any CPU
		{5D62F077-7378-40C8-9C82-F42F29FF3CE6}.Release|Any CPU.Build.0 = Release|Any CPU
		{5D62F077-7378-40C8-9C82-F42F29FF3CE6}.Release|x64.ActiveCfg = Release|Any CPU
		{5D62F077-7378-40C8-9C82-F42F29FF3CE6}.Release|x64.Build.0 = Release|Any CPU
		{5D62F077-7378-40C8-9C82-F42F29FF3CE6}.Release|x86.ActiveCfg = Release|Any CPU
		{5D62F077-7378-40C8-9C82-F42F29FF3CE6}.Release|x86.Build.0 = Release|Any CPU
		{94505594-D57A-462B-B9A7-84F8248DA6F7}.Debug|Any CPU.ActiveCfg = Debug|Any CPU
		{94505594-D57A-462B-B9A7-84F8248DA6F7}.Debug|Any CPU.Build.0 = Debug|Any CPU
		{94505594-D57A-462B-B9A7-84F8248DA6F7}.Debug|x64.ActiveCfg = Debug|Any CPU
		{94505594-D57A-462B-B9A7-84F8248DA6F7}.Debug|x64.Build.0 = Debug|Any CPU
		{94505594-D57A-462B-B9A7-84F8248DA6F7}.Debug|x86.ActiveCfg = Debug|Any CPU
		{94505594-D57A-462B-B9A7-84F8248DA6F7}.Debug|x86.Build.0 = Debug|Any CPU
		{94505594-D57A-462B-B9A7-84F8248DA6F7}.Release|Any CPU.ActiveCfg = Release|Any CPU
		{94505594-D57A-462B-B9A7-84F8248DA6F7}.Release|Any CPU.Build.0 = Release|Any CPU
		{94505594-D57A-462B-B9A7-84F8248DA6F7}.Release|x64.ActiveCfg = Release|Any CPU
		{94505594-D57A-462B-B9A7-84F8248DA6F7}.Release|x64.Build.0 = Release|Any CPU
		{94505594-D57A-462B-B9A7-84F8248DA6F7}.Release|x86.ActiveCfg = Release|Any CPU
		{94505594-D57A-462B-B9A7-84F8248DA6F7}.Release|x86.Build.0 = Release|Any CPU
		{15699890-B87A-4979-902B-9CBF70757CEC}.Debug|Any CPU.ActiveCfg = Debug|Any CPU
		{15699890-B87A-4979-902B-9CBF70757CEC}.Debug|Any CPU.Build.0 = Debug|Any CPU
		{15699890-B87A-4979-902B-9CBF70757CEC}.Debug|x64.ActiveCfg = Debug|Any CPU
		{15699890-B87A-4979-902B-9CBF70757CEC}.Debug|x64.Build.0 = Debug|Any CPU
		{15699890-B87A-4979-902B-9CBF70757CEC}.Debug|x86.ActiveCfg = Debug|Any CPU
		{15699890-B87A-4979-902B-9CBF70757CEC}.Debug|x86.Build.0 = Debug|Any CPU
		{15699890-B87A-4979-902B-9CBF70757CEC}.Release|Any CPU.ActiveCfg = Release|Any CPU
		{15699890-B87A-4979-902B-9CBF70757CEC}.Release|Any CPU.Build.0 = Release|Any CPU
		{15699890-B87A-4979-902B-9CBF70757CEC}.Release|x64.ActiveCfg = Release|Any CPU
		{15699890-B87A-4979-902B-9CBF70757CEC}.Release|x64.Build.0 = Release|Any CPU
		{15699890-B87A-4979-902B-9CBF70757CEC}.Release|x86.ActiveCfg = Release|Any CPU
		{15699890-B87A-4979-902B-9CBF70757CEC}.Release|x86.Build.0 = Release|Any CPU
		{FBFDFF36-877F-46FB-BDFA-21D73D08521E}.Debug|Any CPU.ActiveCfg = Debug|Any CPU
		{FBFDFF36-877F-46FB-BDFA-21D73D08521E}.Debug|Any CPU.Build.0 = Debug|Any CPU
		{FBFDFF36-877F-46FB-BDFA-21D73D08521E}.Debug|x64.ActiveCfg = Debug|Any CPU
		{FBFDFF36-877F-46FB-BDFA-21D73D08521E}.Debug|x64.Build.0 = Debug|Any CPU
		{FBFDFF36-877F-46FB-BDFA-21D73D08521E}.Debug|x86.ActiveCfg = Debug|Any CPU
		{FBFDFF36-877F-46FB-BDFA-21D73D08521E}.Debug|x86.Build.0 = Debug|Any CPU
		{FBFDFF36-877F-46FB-BDFA-21D73D08521E}.Release|Any CPU.ActiveCfg = Release|Any CPU
		{FBFDFF36-877F-46FB-BDFA-21D73D08521E}.Release|Any CPU.Build.0 = Release|Any CPU
		{FBFDFF36-877F-46FB-BDFA-21D73D08521E}.Release|x64.ActiveCfg = Release|Any CPU
		{FBFDFF36-877F-46FB-BDFA-21D73D08521E}.Release|x64.Build.0 = Release|Any CPU
		{FBFDFF36-877F-46FB-BDFA-21D73D08521E}.Release|x86.ActiveCfg = Release|Any CPU
		{FBFDFF36-877F-46FB-BDFA-21D73D08521E}.Release|x86.Build.0 = Release|Any CPU
		{C99236CE-B1FC-4358-AE01-DA109F857040}.Debug|Any CPU.ActiveCfg = Debug|Any CPU
		{C99236CE-B1FC-4358-AE01-DA109F857040}.Debug|Any CPU.Build.0 = Debug|Any CPU
		{C99236CE-B1FC-4358-AE01-DA109F857040}.Debug|x64.ActiveCfg = Debug|Any CPU
		{C99236CE-B1FC-4358-AE01-DA109F857040}.Debug|x64.Build.0 = Debug|Any CPU
		{C99236CE-B1FC-4358-AE01-DA109F857040}.Debug|x86.ActiveCfg = Debug|Any CPU
		{C99236CE-B1FC-4358-AE01-DA109F857040}.Debug|x86.Build.0 = Debug|Any CPU
		{C99236CE-B1FC-4358-AE01-DA109F857040}.Release|Any CPU.ActiveCfg = Release|Any CPU
		{C99236CE-B1FC-4358-AE01-DA109F857040}.Release|Any CPU.Build.0 = Release|Any CPU
		{C99236CE-B1FC-4358-AE01-DA109F857040}.Release|x64.ActiveCfg = Release|Any CPU
		{C99236CE-B1FC-4358-AE01-DA109F857040}.Release|x64.Build.0 = Release|Any CPU
		{C99236CE-B1FC-4358-AE01-DA109F857040}.Release|x86.ActiveCfg = Release|Any CPU
		{C99236CE-B1FC-4358-AE01-DA109F857040}.Release|x86.Build.0 = Release|Any CPU
		{9104A999-8F33-4DE5-A54A-799CF3DAA5A8}.Debug|Any CPU.ActiveCfg = Debug|Any CPU
		{9104A999-8F33-4DE5-A54A-799CF3DAA5A8}.Debug|Any CPU.Build.0 = Debug|Any CPU
		{9104A999-8F33-4DE5-A54A-799CF3DAA5A8}.Debug|x64.ActiveCfg = Debug|Any CPU
		{9104A999-8F33-4DE5-A54A-799CF3DAA5A8}.Debug|x64.Build.0 = Debug|Any CPU
		{9104A999-8F33-4DE5-A54A-799CF3DAA5A8}.Debug|x86.ActiveCfg = Debug|Any CPU
		{9104A999-8F33-4DE5-A54A-799CF3DAA5A8}.Debug|x86.Build.0 = Debug|Any CPU
		{9104A999-8F33-4DE5-A54A-799CF3DAA5A8}.Release|Any CPU.ActiveCfg = Release|Any CPU
		{9104A999-8F33-4DE5-A54A-799CF3DAA5A8}.Release|Any CPU.Build.0 = Release|Any CPU
		{9104A999-8F33-4DE5-A54A-799CF3DAA5A8}.Release|x64.ActiveCfg = Release|Any CPU
		{9104A999-8F33-4DE5-A54A-799CF3DAA5A8}.Release|x64.Build.0 = Release|Any CPU
		{9104A999-8F33-4DE5-A54A-799CF3DAA5A8}.Release|x86.ActiveCfg = Release|Any CPU
		{9104A999-8F33-4DE5-A54A-799CF3DAA5A8}.Release|x86.Build.0 = Release|Any CPU
		{3FC6DA85-0307-458E-9C4B-1408D1CB07EF}.Debug|Any CPU.ActiveCfg = Debug|Any CPU
		{3FC6DA85-0307-458E-9C4B-1408D1CB07EF}.Debug|Any CPU.Build.0 = Debug|Any CPU
		{3FC6DA85-0307-458E-9C4B-1408D1CB07EF}.Debug|x64.ActiveCfg = Debug|Any CPU
		{3FC6DA85-0307-458E-9C4B-1408D1CB07EF}.Debug|x64.Build.0 = Debug|Any CPU
		{3FC6DA85-0307-458E-9C4B-1408D1CB07EF}.Debug|x86.ActiveCfg = Debug|Any CPU
		{3FC6DA85-0307-458E-9C4B-1408D1CB07EF}.Debug|x86.Build.0 = Debug|Any CPU
		{3FC6DA85-0307-458E-9C4B-1408D1CB07EF}.Release|Any CPU.ActiveCfg = Release|Any CPU
		{3FC6DA85-0307-458E-9C4B-1408D1CB07EF}.Release|Any CPU.Build.0 = Release|Any CPU
		{3FC6DA85-0307-458E-9C4B-1408D1CB07EF}.Release|x64.ActiveCfg = Release|Any CPU
		{3FC6DA85-0307-458E-9C4B-1408D1CB07EF}.Release|x64.Build.0 = Release|Any CPU
		{3FC6DA85-0307-458E-9C4B-1408D1CB07EF}.Release|x86.ActiveCfg = Release|Any CPU
		{3FC6DA85-0307-458E-9C4B-1408D1CB07EF}.Release|x86.Build.0 = Release|Any CPU
	EndGlobalSection
	GlobalSection(SolutionProperties) = preSolution
		HideSolutionNode = FALSE
	EndGlobalSection
	GlobalSection(NestedProjects) = preSolution
		{90298CBA-BD6F-3A0A-69D5-97CAD7B05E7E} = {827E0CD3-B72D-47B6-A68D-7590B98EB39B}
		{5D62F077-7378-40C8-9C82-F42F29FF3CE6} = {90298CBA-BD6F-3A0A-69D5-97CAD7B05E7E}
		{94505594-D57A-462B-B9A7-84F8248DA6F7} = {90298CBA-BD6F-3A0A-69D5-97CAD7B05E7E}
		{15699890-B87A-4979-902B-9CBF70757CEC} = {90298CBA-BD6F-3A0A-69D5-97CAD7B05E7E}
		{FBFDFF36-877F-46FB-BDFA-21D73D08521E} = {90298CBA-BD6F-3A0A-69D5-97CAD7B05E7E}
		{C99236CE-B1FC-4358-AE01-DA109F857040} = {90298CBA-BD6F-3A0A-69D5-97CAD7B05E7E}
		{9104A999-8F33-4DE5-A54A-799CF3DAA5A8} = {90298CBA-BD6F-3A0A-69D5-97CAD7B05E7E}
		{3FC6DA85-0307-458E-9C4B-1408D1CB07EF} = {90298CBA-BD6F-3A0A-69D5-97CAD7B05E7E}
	EndGlobalSection
EndGlobal
